
Microsoft Visual Studio Solution File, Format Version 12.00
# Visual Studio Version 17
VisualStudioVersion = 17.9.34723.18
MinimumVisualStudioVersion = 10.0.40219.1
Project("{FAE04EC0-301F-11D3-BF4B-00C04F79EFBC}") = "BT1", "BT1\BT1.csproj", "{7A0473B1-31CC-4AFC-AFBD-31E9AD70F735}"
EndProject
Project("{FAE04EC0-301F-11D3-BF4B-00C04F79EFBC}") = "BT2", "BT2\BT2.csproj", "{2F08F677-839A-4FD4-9D45-26365A7486DF}"
EndProject
Project("{FAE04EC0-301F-11D3-BF4B-00C04F79EFBC}") = "BT3", "BT3\BT3.csproj", "{FB1CD6D9-CFAE-4FC9-990E-C74633E38413}"
EndProject
Global
	GlobalSection(SolutionConfigurationPlatforms) = preSolution
		Debug|Any CPU = Debug|Any CPU
		Release|Any CPU = Release|Any CPU
	EndGlobalSection
	GlobalSection(ProjectConfigurationPlatforms) = postSolution
		{7A0473B1-31CC-4AFC-AFBD-31E9AD70F735}.Debug|Any CPU.ActiveCfg = Debug|Any CPU
		{7A0473B1-31CC-4AFC-AFBD-31E9AD70F735}.Debug|Any CPU.Build.0 = Debug|Any CPU
		{7A0473B1-31CC-4AFC-AFBD-31E9AD70F735}.Release|Any CPU.ActiveCfg = Release|Any CPU
		{7A0473B1-31CC-4AFC-AFBD-31E9AD70F735}.Release|Any CPU.Build.0 = Release|Any CPU
		{2F08F677-839A-4FD4-9D45-26365A7486DF}.Debug|Any CPU.ActiveCfg = Debug|Any CPU
		{2F08F677-839A-4FD4-9D45-26365A7486DF}.Debug|Any CPU.Build.0 = Debug|Any CPU
		{2F08F677-839A-4FD4-9D45-26365A7486DF}.Release|Any CPU.ActiveCfg = Release|Any CPU
		{2F08F677-839A-4FD4-9D45-26365A7486DF}.Release|Any CPU.Build.0 = Release|Any CPU
		{FB1CD6D9-CFAE-4FC9-990E-C74633E38413}.Debug|Any CPU.ActiveCfg = Debug|Any CPU
		{FB1CD6D9-CFAE-4FC9-990E-C74633E38413}.Debug|Any CPU.Build.0 = Debug|Any CPU
		{FB1CD6D9-CFAE-4FC9-990E-C74633E38413}.Release|Any CPU.ActiveCfg = Release|Any CPU
		{FB1CD6D9-CFAE-4FC9-990E-C74633E38413}.Release|Any CPU.Build.0 = Release|Any CPU
	EndGlobalSection
	GlobalSection(SolutionProperties) = preSolution
		HideSolutionNode = FALSE
	EndGlobalSection
	GlobalSection(ExtensibilityGlobals) = postSolution
		SolutionGuid = {B285C27D-B5E3-4442-9277-590B025F0E37}
	EndGlobalSection
EndGlobal
